<?xml version="1.0" encoding="utf-8"?>
<Project ToolsVersion="17.0" xmlns="http://schemas.microsoft.com/developer/msbuild/2003">
  <ItemGroup>
    <CustomBuild Include="C:\Users\blusz\Dev\deerportal\CMakeFiles\9c2802b41858e91651cfc02c7f2affde\PACKAGE_force.rule">
      <Filter>CMake Rules</Filter>
    </CustomBuild>
  </ItemGroup>
  <ItemGroup>
    <Filter Include="CMake Rules">
      <UniqueIdentifier>{03A0D996-D8A8-3539-B334-E32D84F13D3F}</UniqueIdentifier>
    </Filter>
  </ItemGroup>
</Project>
